
Microsoft Visual Studio Solution File, Format Version 12.00
# Visual Studio 15
VisualStudioVersion = 15.0.28307.136
MinimumVisualStudioVersion = 10.0.40219.1
Project("{8BC9CEB8-8B4A-11D0-8D11-00A0C91BC942}") = "Game", "Game\Game.vcxproj", "{98C492DE-01E7-444F-B2A6-78235C1E435E}"
EndProject
Global
	GlobalSection(SolutionConfigurationPlatforms) = preSolution
		Debug|x64 = Debug|x64
		Debug|x86 = Debug|x86
		Release|x64 = Release|x64
		Release|x86 = Release|x86
	EndGlobalSection
	GlobalSection(ProjectConfigurationPlatforms) = postSolution
		{98C492DE-01E7-444F-B2A6-78235C1E435E}.Debug|x64.ActiveCfg = Debug|x64
		{98C492DE-01E7-444F-B2A6-78235C1E435E}.Debug|x64.Build.0 = Debug|x64
		{98C492DE-01E7-444F-B2A6-78235C1E435E}.Debug|x86.ActiveCfg = Debug|Win32
		{98C492DE-01E7-444F-B2A6-78235C1E435E}.Debug|x86.Build.0 = Debug|Win32
		{98C492DE-01E7-444F-B2A6-78235C1E435E}.Release|x64.ActiveCfg = Release|x64
		{98C492DE-01E7-444F-B2A6-78235C1E435E}.Release|x64.Build.0 = Release|x64
		{98C492DE-01E7-444F-B2A6-78235C1E435E}.Release|x86.ActiveCfg = Release|Win32
		{98C492DE-01E7-444F-B2A6-78235C1E435E}.Release|x86.Build.0 = Release|Win32
	EndGlobalSection
	GlobalSection(SolutionProperties) = preSolution
		HideSolutionNode = FALSE
	EndGlobalSection
	GlobalSection(ExtensibilityGlobals) = postSolution
		SolutionGuid = {4D0A9A31-4541-4528-9358-5C12660A2D86}
	EndGlobalSection
EndGlobal
